
Microsoft Visual Studio Solution File, Format Version 12.00
# Visual Studio Version 16
VisualStudioVersion = 16.0.31624.102
MinimumVisualStudioVersion = 10.0.40219.1
Project("{9A19103F-16F7-4668-BE54-9A1E7A4F7556}") = "ShawkanyDb", "ShawkanyDb.csproj", "{AB5436F4-B413-486E-9998-D43D97C9545E}"
EndProject
Global
	GlobalSection(SolutionConfigurationPlatforms) = preSolution
		Debug|Any CPU = Debug|Any CPU
		Release|Any CPU = Release|Any CPU
	EndGlobalSection
	GlobalSection(ProjectConfigurationPlatforms) = postSolution
		{AB5436F4-B413-486E-9998-D43D97C9545E}.Debug|Any CPU.ActiveCfg = Debug|Any CPU
		{AB5436F4-B413-486E-9998-D43D97C9545E}.Debug|Any CPU.Build.0 = Debug|Any CPU
		{AB5436F4-B413-486E-9998-D43D97C9545E}.Release|Any CPU.ActiveCfg = Release|Any CPU
		{AB5436F4-B413-486E-9998-D43D97C9545E}.Release|Any CPU.Build.0 = Release|Any CPU
	EndGlobalSection
	GlobalSection(SolutionProperties) = preSolution
		HideSolutionNode = FALSE
	EndGlobalSection
	GlobalSection(ExtensibilityGlobals) = postSolution
		SolutionGuid = {B028C199-9560-4991-B43C-5C8E864F365B}
	EndGlobalSection
EndGlobal
